// !$*UTF8*$!
{
	archiveVersion = 1;
	classes = {
	};
	objectVersion = 52;
	objects = {

/* Begin PBXBuildFile section */
		0A779D1225E04B9000F19D0D /* GetCatalog.swift in Sources */ = {isa = PBXBuildFile; fileRef = 0A779D1125E04B9000F19D0D /* GetCatalog.swift */; };
		0A779D1A25E04BA900F19D0D /* GetCatalogRequestFactory.swift in Sources */ = {isa = PBXBuildFile; fileRef = 0A779D1925E04BA900F19D0D /* GetCatalogRequestFactory.swift */; };
		0A779D1F25E04C1B00F19D0D /* CatalogResult.swift in Sources */ = {isa = PBXBuildFile; fileRef = 0A779D1E25E04C1B00F19D0D /* CatalogResult.swift */; };
		0A779D3025E04FCA00F19D0D /* FetchGoodByIdRequestFactory.swift in Sources */ = {isa = PBXBuildFile; fileRef = 0A779D2F25E04FCA00F19D0D /* FetchGoodByIdRequestFactory.swift */; };
		0A779D3525E04FE400F19D0D /* FetchGoodById.swift in Sources */ = {isa = PBXBuildFile; fileRef = 0A779D3425E04FE400F19D0D /* FetchGoodById.swift */; };
		0A779D3A25E0508300F19D0D /* GoodResult.swift in Sources */ = {isa = PBXBuildFile; fileRef = 0A779D3925E0508300F19D0D /* GoodResult.swift */; };
		1B9146CD25D5968A00A1D1D2 /* AppDelegate.swift in Sources */ = {isa = PBXBuildFile; fileRef = 1B9146CC25D5968A00A1D1D2 /* AppDelegate.swift */; };
		1B9146CF25D5968A00A1D1D2 /* SceneDelegate.swift in Sources */ = {isa = PBXBuildFile; fileRef = 1B9146CE25D5968A00A1D1D2 /* SceneDelegate.swift */; };
		1B9146D625D5968B00A1D1D2 /* Assets.xcassets in Resources */ = {isa = PBXBuildFile; fileRef = 1B9146D525D5968B00A1D1D2 /* Assets.xcassets */; };
		1B9146D925D5968B00A1D1D2 /* LaunchScreen.storyboard in Resources */ = {isa = PBXBuildFile; fileRef = 1B9146D725D5968B00A1D1D2 /* LaunchScreen.storyboard */; };
		1B9146E425D5968B00A1D1D2 /* GBShopTests.swift in Sources */ = {isa = PBXBuildFile; fileRef = 1B9146E325D5968B00A1D1D2 /* GBShopTests.swift */; };
		1B9146EF25D5968B00A1D1D2 /* GBShopUITests.swift in Sources */ = {isa = PBXBuildFile; fileRef = 1B9146EE25D5968B00A1D1D2 /* GBShopUITests.swift */; };
		1BC7D16F25D7B66700AF0BA2 /* AbstractErrorParser.swift in Sources */ = {isa = PBXBuildFile; fileRef = 1BC7D16E25D7B66700AF0BA2 /* AbstractErrorParser.swift */; };
		1BC7D17425D7B69E00AF0BA2 /* ErrorParser.swift in Sources */ = {isa = PBXBuildFile; fileRef = 1BC7D17325D7B69E00AF0BA2 /* ErrorParser.swift */; };
		1BC7D17925D7B6C000AF0BA2 /* DataRequest.swift in Sources */ = {isa = PBXBuildFile; fileRef = 1BC7D17825D7B6C000AF0BA2 /* DataRequest.swift */; };
		1BC7D18225D7B75F00AF0BA2 /* Alamofire in Frameworks */ = {isa = PBXBuildFile; productRef = 1BC7D18125D7B75F00AF0BA2 /* Alamofire */; };
		1BC7D18725D7B7B100AF0BA2 /* RequestRouter.swift in Sources */ = {isa = PBXBuildFile; fileRef = 1BC7D18625D7B7B100AF0BA2 /* RequestRouter.swift */; };
		1BC7D18C25D7B95B00AF0BA2 /* CustomDecodableSerializer.swift in Sources */ = {isa = PBXBuildFile; fileRef = 1BC7D18B25D7B95B00AF0BA2 /* CustomDecodableSerializer.swift */; };
		1BC7D19125D7B9DF00AF0BA2 /* LoginResult.swift in Sources */ = {isa = PBXBuildFile; fileRef = 1BC7D19025D7B9DF00AF0BA2 /* LoginResult.swift */; };
		1BC7D19625D7BA0F00AF0BA2 /* User.swift in Sources */ = {isa = PBXBuildFile; fileRef = 1BC7D19525D7BA0F00AF0BA2 /* User.swift */; };
		1BC7D1A425D7BA6300AF0BA2 /* AuthRequestFactory.swift in Sources */ = {isa = PBXBuildFile; fileRef = 1BC7D1A325D7BA6300AF0BA2 /* AuthRequestFactory.swift */; };
		1BC7D1AC25D7BA8300AF0BA2 /* Auth.swift in Sources */ = {isa = PBXBuildFile; fileRef = 1BC7D1AB25D7BA8300AF0BA2 /* Auth.swift */; };
		1BC7D1B125D7BAC200AF0BA2 /* RequestFactory.swift in Sources */ = {isa = PBXBuildFile; fileRef = 1BC7D1B025D7BAC200AF0BA2 /* RequestFactory.swift */; };
		1BC7D1B925D8687400AF0BA2 /* LogoutResult.swift in Sources */ = {isa = PBXBuildFile; fileRef = 1BC7D1B825D8687400AF0BA2 /* LogoutResult.swift */; };
		1BC7D1BE25D868DE00AF0BA2 /* RegistrationResult.swift in Sources */ = {isa = PBXBuildFile; fileRef = 1BC7D1BD25D868DE00AF0BA2 /* RegistrationResult.swift */; };
		1BC7D1D125D86EB400AF0BA2 /* ChangeUserResult.swift in Sources */ = {isa = PBXBuildFile; fileRef = 1BC7D1D025D86EB400AF0BA2 /* ChangeUserResult.swift */; };
		1BCEC03E25F6649200868498 /* LoginViewController.swift in Sources */ = {isa = PBXBuildFile; fileRef = 1BCEC03D25F6649200868498 /* LoginViewController.swift */; };
		1BCEC04625F6649D00868498 /* LoginView.swift in Sources */ = {isa = PBXBuildFile; fileRef = 1BCEC04525F6649D00868498 /* LoginView.swift */; };
		1BCEC04B25F6656600868498 /* UIColor.swift in Sources */ = {isa = PBXBuildFile; fileRef = 1BCEC04A25F6656600868498 /* UIColor.swift */; };
		1BCEC05125F665EC00868498 /* AppButton.swift in Sources */ = {isa = PBXBuildFile; fileRef = 1BCEC05025F665EC00868498 /* AppButton.swift */; };
		1BCEC05625F6660800868498 /* AppTextField.swift in Sources */ = {isa = PBXBuildFile; fileRef = 1BCEC05525F6660800868498 /* AppTextField.swift */; };
		1BCEC05B25F6675100868498 /* UIView.swift in Sources */ = {isa = PBXBuildFile; fileRef = 1BCEC05A25F6675100868498 /* UIView.swift */; };
		1BCEC07025F6A48000868498 /* LogOutPresenter.swift in Sources */ = {isa = PBXBuildFile; fileRef = 1BCEC06925F6A48000868498 /* LogOutPresenter.swift */; };
		1BCEC07125F6A48000868498 /* LogOutWorker.swift in Sources */ = {isa = PBXBuildFile; fileRef = 1BCEC06A25F6A48000868498 /* LogOutWorker.swift */; };
		1BCEC07225F6A48000868498 /* LogOutRouter.swift in Sources */ = {isa = PBXBuildFile; fileRef = 1BCEC06B25F6A48000868498 /* LogOutRouter.swift */; };
		1BCEC07325F6A48000868498 /* LogOutModels.swift in Sources */ = {isa = PBXBuildFile; fileRef = 1BCEC06C25F6A48000868498 /* LogOutModels.swift */; };
		1BCEC07425F6A48000868498 /* LogOutViewController.swift in Sources */ = {isa = PBXBuildFile; fileRef = 1BCEC06D25F6A48000868498 /* LogOutViewController.swift */; };
		1BCEC07525F6A48000868498 /* LogOutAssembly.swift in Sources */ = {isa = PBXBuildFile; fileRef = 1BCEC06E25F6A48000868498 /* LogOutAssembly.swift */; };
		1BCEC07625F6A48000868498 /* LogOutInteractor.swift in Sources */ = {isa = PBXBuildFile; fileRef = 1BCEC06F25F6A48000868498 /* LogOutInteractor.swift */; };
		1BCEC0B425F6AF2000868498 /* RegPresenter.swift in Sources */ = {isa = PBXBuildFile; fileRef = 1BCEC0AD25F6AF2000868498 /* RegPresenter.swift */; };
		1BCEC0B525F6AF2000868498 /* RegWorker.swift in Sources */ = {isa = PBXBuildFile; fileRef = 1BCEC0AE25F6AF2000868498 /* RegWorker.swift */; };
		1BCEC0B625F6AF2000868498 /* RegRouter.swift in Sources */ = {isa = PBXBuildFile; fileRef = 1BCEC0AF25F6AF2000868498 /* RegRouter.swift */; };
		1BCEC0B725F6AF2000868498 /* RegModels.swift in Sources */ = {isa = PBXBuildFile; fileRef = 1BCEC0B025F6AF2000868498 /* RegModels.swift */; };
		1BCEC0B825F6AF2000868498 /* RegViewController.swift in Sources */ = {isa = PBXBuildFile; fileRef = 1BCEC0B125F6AF2000868498 /* RegViewController.swift */; };
		1BCEC0B925F6AF2000868498 /* RegAssembly.swift in Sources */ = {isa = PBXBuildFile; fileRef = 1BCEC0B225F6AF2000868498 /* RegAssembly.swift */; };
		1BCEC0BA25F6AF2000868498 /* RegInteractor.swift in Sources */ = {isa = PBXBuildFile; fileRef = 1BCEC0B325F6AF2000868498 /* RegInteractor.swift */; };
		1BCEC0C525F6B09A00868498 /* UserInfoPresenter.swift in Sources */ = {isa = PBXBuildFile; fileRef = 1BCEC0BE25F6B09A00868498 /* UserInfoPresenter.swift */; };
		1BCEC0C625F6B09A00868498 /* UserInfoWorker.swift in Sources */ = {isa = PBXBuildFile; fileRef = 1BCEC0BF25F6B09A00868498 /* UserInfoWorker.swift */; };
		1BCEC0C725F6B09A00868498 /* UserInfoRouter.swift in Sources */ = {isa = PBXBuildFile; fileRef = 1BCEC0C025F6B09A00868498 /* UserInfoRouter.swift */; };
		1BCEC0C825F6B09A00868498 /* UserInfoModels.swift in Sources */ = {isa = PBXBuildFile; fileRef = 1BCEC0C125F6B09A00868498 /* UserInfoModels.swift */; };
		1BCEC0C925F6B09A00868498 /* UserInfoViewController.swift in Sources */ = {isa = PBXBuildFile; fileRef = 1BCEC0C225F6B09A00868498 /* UserInfoViewController.swift */; };
		1BCEC0CA25F6B09A00868498 /* UserInfoAssembly.swift in Sources */ = {isa = PBXBuildFile; fileRef = 1BCEC0C325F6B09A00868498 /* UserInfoAssembly.swift */; };
		1BCEC0CB25F6B09A00868498 /* UserInfoInteractor.swift in Sources */ = {isa = PBXBuildFile; fileRef = 1BCEC0C425F6B09A00868498 /* UserInfoInteractor.swift */; };
		1BCEC0E425F6B20D00868498 /* LoginRouter.swift in Sources */ = {isa = PBXBuildFile; fileRef = 1BCEC0E325F6B20D00868498 /* LoginRouter.swift */; };
		1BCEC0E925F6B43A00868498 /* LoginWorker.swift in Sources */ = {isa = PBXBuildFile; fileRef = 1BCEC0E825F6B43A00868498 /* LoginWorker.swift */; };
		1BEEBA2725DC4BD400268F0A /* BaseURL.swift in Sources */ = {isa = PBXBuildFile; fileRef = 1BEEBA2625DC4BD400268F0A /* BaseURL.swift */; };
		1BEEBA3125DC52C700268F0A /* Registration.swift in Sources */ = {isa = PBXBuildFile; fileRef = 1BEEBA3025DC52C700268F0A /* Registration.swift */; };
		1BEEBA3925DC52E100268F0A /* RegistrationRequestFactory.swift in Sources */ = {isa = PBXBuildFile; fileRef = 1BEEBA3825DC52E100268F0A /* RegistrationRequestFactory.swift */; };
		1BEEBA3F25DC54CC00268F0A /* ChangeUser.swift in Sources */ = {isa = PBXBuildFile; fileRef = 1BEEBA3E25DC54CC00268F0A /* ChangeUser.swift */; };
		1BEEBA4425DC54DD00268F0A /* ChangeUserRequestFactory.swift in Sources */ = {isa = PBXBuildFile; fileRef = 1BEEBA4325DC54DD00268F0A /* ChangeUserRequestFactory.swift */; };
		1BEEBA4A25DC55C600268F0A /* Logout.swift in Sources */ = {isa = PBXBuildFile; fileRef = 1BEEBA4925DC55C600268F0A /* Logout.swift */; };
		1BEEBA4F25DC55D700268F0A /* LogoutRequestFactory.swift in Sources */ = {isa = PBXBuildFile; fileRef = 1BEEBA4E25DC55D700268F0A /* LogoutRequestFactory.swift */; };
		1BEEBA5925DC5C4200268F0A /* RequestFactoryTests.swift in Sources */ = {isa = PBXBuildFile; fileRef = 1BEEBA5825DC5C4200268F0A /* RequestFactoryTests.swift */; };
/* End PBXBuildFile section */

/* Begin PBXContainerItemProxy section */
		1B9146E025D5968B00A1D1D2 /* PBXContainerItemProxy */ = {
			isa = PBXContainerItemProxy;
			containerPortal = 1B9146C125D5968A00A1D1D2 /* Project object */;
			proxyType = 1;
			remoteGlobalIDString = 1B9146C825D5968A00A1D1D2;
			remoteInfo = GBShop;
		};
		1B9146EB25D5968B00A1D1D2 /* PBXContainerItemProxy */ = {
			isa = PBXContainerItemProxy;
			containerPortal = 1B9146C125D5968A00A1D1D2 /* Project object */;
			proxyType = 1;
			remoteGlobalIDString = 1B9146C825D5968A00A1D1D2;
			remoteInfo = GBShop;
		};
/* End PBXContainerItemProxy section */

/* Begin PBXFileReference section */
		0A779D1125E04B9000F19D0D /* GetCatalog.swift */ = {isa = PBXFileReference; lastKnownFileType = sourcecode.swift; path = GetCatalog.swift; sourceTree = "<group>"; };
		0A779D1925E04BA900F19D0D /* GetCatalogRequestFactory.swift */ = {isa = PBXFileReference; lastKnownFileType = sourcecode.swift; path = GetCatalogRequestFactory.swift; sourceTree = "<group>"; };
		0A779D1E25E04C1B00F19D0D /* CatalogResult.swift */ = {isa = PBXFileReference; lastKnownFileType = sourcecode.swift; path = CatalogResult.swift; sourceTree = "<group>"; };
		0A779D2F25E04FCA00F19D0D /* FetchGoodByIdRequestFactory.swift */ = {isa = PBXFileReference; lastKnownFileType = sourcecode.swift; path = FetchGoodByIdRequestFactory.swift; sourceTree = "<group>"; };
		0A779D3425E04FE400F19D0D /* FetchGoodById.swift */ = {isa = PBXFileReference; lastKnownFileType = sourcecode.swift; path = FetchGoodById.swift; sourceTree = "<group>"; };
		0A779D3925E0508300F19D0D /* GoodResult.swift */ = {isa = PBXFileReference; lastKnownFileType = sourcecode.swift; path = GoodResult.swift; sourceTree = "<group>"; };
		1B9146C925D5968A00A1D1D2 /* GBShop.app */ = {isa = PBXFileReference; explicitFileType = wrapper.application; includeInIndex = 0; path = GBShop.app; sourceTree = BUILT_PRODUCTS_DIR; };
		1B9146CC25D5968A00A1D1D2 /* AppDelegate.swift */ = {isa = PBXFileReference; lastKnownFileType = sourcecode.swift; path = AppDelegate.swift; sourceTree = "<group>"; };
		1B9146CE25D5968A00A1D1D2 /* SceneDelegate.swift */ = {isa = PBXFileReference; lastKnownFileType = sourcecode.swift; path = SceneDelegate.swift; sourceTree = "<group>"; };
		1B9146D525D5968B00A1D1D2 /* Assets.xcassets */ = {isa = PBXFileReference; lastKnownFileType = folder.assetcatalog; path = Assets.xcassets; sourceTree = "<group>"; };
		1B9146D825D5968B00A1D1D2 /* Base */ = {isa = PBXFileReference; lastKnownFileType = file.storyboard; name = Base; path = Base.lproj/LaunchScreen.storyboard; sourceTree = "<group>"; };
		1B9146DA25D5968B00A1D1D2 /* Info.plist */ = {isa = PBXFileReference; lastKnownFileType = text.plist.xml; path = Info.plist; sourceTree = "<group>"; };
		1B9146DF25D5968B00A1D1D2 /* GBShopTests.xctest */ = {isa = PBXFileReference; explicitFileType = wrapper.cfbundle; includeInIndex = 0; path = GBShopTests.xctest; sourceTree = BUILT_PRODUCTS_DIR; };
		1B9146E325D5968B00A1D1D2 /* GBShopTests.swift */ = {isa = PBXFileReference; lastKnownFileType = sourcecode.swift; path = GBShopTests.swift; sourceTree = "<group>"; };
		1B9146E525D5968B00A1D1D2 /* Info.plist */ = {isa = PBXFileReference; lastKnownFileType = text.plist.xml; path = Info.plist; sourceTree = "<group>"; };
		1B9146EA25D5968B00A1D1D2 /* GBShopUITests.xctest */ = {isa = PBXFileReference; explicitFileType = wrapper.cfbundle; includeInIndex = 0; path = GBShopUITests.xctest; sourceTree = BUILT_PRODUCTS_DIR; };
		1B9146EE25D5968B00A1D1D2 /* GBShopUITests.swift */ = {isa = PBXFileReference; lastKnownFileType = sourcecode.swift; path = GBShopUITests.swift; sourceTree = "<group>"; };
		1B9146F025D5968B00A1D1D2 /* Info.plist */ = {isa = PBXFileReference; lastKnownFileType = text.plist.xml; path = Info.plist; sourceTree = "<group>"; };
		1BC7D16E25D7B66700AF0BA2 /* AbstractErrorParser.swift */ = {isa = PBXFileReference; lastKnownFileType = sourcecode.swift; path = AbstractErrorParser.swift; sourceTree = "<group>"; };
		1BC7D17325D7B69E00AF0BA2 /* ErrorParser.swift */ = {isa = PBXFileReference; lastKnownFileType = sourcecode.swift; path = ErrorParser.swift; sourceTree = "<group>"; };
		1BC7D17825D7B6C000AF0BA2 /* DataRequest.swift */ = {isa = PBXFileReference; lastKnownFileType = sourcecode.swift; path = DataRequest.swift; sourceTree = "<group>"; };
		1BC7D18625D7B7B100AF0BA2 /* RequestRouter.swift */ = {isa = PBXFileReference; lastKnownFileType = sourcecode.swift; path = RequestRouter.swift; sourceTree = "<group>"; };
		1BC7D18B25D7B95B00AF0BA2 /* CustomDecodableSerializer.swift */ = {isa = PBXFileReference; lastKnownFileType = sourcecode.swift; path = CustomDecodableSerializer.swift; sourceTree = "<group>"; };
		1BC7D19025D7B9DF00AF0BA2 /* LoginResult.swift */ = {isa = PBXFileReference; lastKnownFileType = sourcecode.swift; path = LoginResult.swift; sourceTree = "<group>"; };
		1BC7D19525D7BA0F00AF0BA2 /* User.swift */ = {isa = PBXFileReference; lastKnownFileType = sourcecode.swift; path = User.swift; sourceTree = "<group>"; };
		1BC7D1A325D7BA6300AF0BA2 /* AuthRequestFactory.swift */ = {isa = PBXFileReference; lastKnownFileType = sourcecode.swift; path = AuthRequestFactory.swift; sourceTree = "<group>"; };
		1BC7D1AB25D7BA8300AF0BA2 /* Auth.swift */ = {isa = PBXFileReference; lastKnownFileType = sourcecode.swift; path = Auth.swift; sourceTree = "<group>"; };
		1BC7D1B025D7BAC200AF0BA2 /* RequestFactory.swift */ = {isa = PBXFileReference; lastKnownFileType = sourcecode.swift; path = RequestFactory.swift; sourceTree = "<group>"; };
		1BC7D1B825D8687400AF0BA2 /* LogoutResult.swift */ = {isa = PBXFileReference; lastKnownFileType = sourcecode.swift; path = LogoutResult.swift; sourceTree = "<group>"; };
		1BC7D1BD25D868DE00AF0BA2 /* RegistrationResult.swift */ = {isa = PBXFileReference; lastKnownFileType = sourcecode.swift; path = RegistrationResult.swift; sourceTree = "<group>"; };
		1BC7D1D025D86EB400AF0BA2 /* ChangeUserResult.swift */ = {isa = PBXFileReference; lastKnownFileType = sourcecode.swift; path = ChangeUserResult.swift; sourceTree = "<group>"; };
		1BCEC03D25F6649200868498 /* LoginViewController.swift */ = {isa = PBXFileReference; lastKnownFileType = sourcecode.swift; path = LoginViewController.swift; sourceTree = "<group>"; };
		1BCEC04525F6649D00868498 /* LoginView.swift */ = {isa = PBXFileReference; lastKnownFileType = sourcecode.swift; path = LoginView.swift; sourceTree = "<group>"; };
		1BCEC04A25F6656600868498 /* UIColor.swift */ = {isa = PBXFileReference; lastKnownFileType = sourcecode.swift; path = UIColor.swift; sourceTree = "<group>"; };
		1BCEC05025F665EC00868498 /* AppButton.swift */ = {isa = PBXFileReference; lastKnownFileType = sourcecode.swift; path = AppButton.swift; sourceTree = "<group>"; };
		1BCEC05525F6660800868498 /* AppTextField.swift */ = {isa = PBXFileReference; lastKnownFileType = sourcecode.swift; path = AppTextField.swift; sourceTree = "<group>"; };
		1BCEC05A25F6675100868498 /* UIView.swift */ = {isa = PBXFileReference; lastKnownFileType = sourcecode.swift; path = UIView.swift; sourceTree = "<group>"; };
		1BCEC06925F6A48000868498 /* LogOutPresenter.swift */ = {isa = PBXFileReference; lastKnownFileType = sourcecode.swift; path = LogOutPresenter.swift; sourceTree = "<group>"; };
		1BCEC06A25F6A48000868498 /* LogOutWorker.swift */ = {isa = PBXFileReference; lastKnownFileType = sourcecode.swift; path = LogOutWorker.swift; sourceTree = "<group>"; };
		1BCEC06B25F6A48000868498 /* LogOutRouter.swift */ = {isa = PBXFileReference; lastKnownFileType = sourcecode.swift; path = LogOutRouter.swift; sourceTree = "<group>"; };
		1BCEC06C25F6A48000868498 /* LogOutModels.swift */ = {isa = PBXFileReference; lastKnownFileType = sourcecode.swift; path = LogOutModels.swift; sourceTree = "<group>"; };
		1BCEC06D25F6A48000868498 /* LogOutViewController.swift */ = {isa = PBXFileReference; lastKnownFileType = sourcecode.swift; path = LogOutViewController.swift; sourceTree = "<group>"; };
		1BCEC06E25F6A48000868498 /* LogOutAssembly.swift */ = {isa = PBXFileReference; lastKnownFileType = sourcecode.swift; path = LogOutAssembly.swift; sourceTree = "<group>"; };
		1BCEC06F25F6A48000868498 /* LogOutInteractor.swift */ = {isa = PBXFileReference; lastKnownFileType = sourcecode.swift; path = LogOutInteractor.swift; sourceTree = "<group>"; };
		1BCEC0AD25F6AF2000868498 /* RegPresenter.swift */ = {isa = PBXFileReference; lastKnownFileType = sourcecode.swift; path = RegPresenter.swift; sourceTree = "<group>"; };
		1BCEC0AE25F6AF2000868498 /* RegWorker.swift */ = {isa = PBXFileReference; lastKnownFileType = sourcecode.swift; path = RegWorker.swift; sourceTree = "<group>"; };
		1BCEC0AF25F6AF2000868498 /* RegRouter.swift */ = {isa = PBXFileReference; lastKnownFileType = sourcecode.swift; path = RegRouter.swift; sourceTree = "<group>"; };
		1BCEC0B025F6AF2000868498 /* RegModels.swift */ = {isa = PBXFileReference; lastKnownFileType = sourcecode.swift; path = RegModels.swift; sourceTree = "<group>"; };
		1BCEC0B125F6AF2000868498 /* RegViewController.swift */ = {isa = PBXFileReference; lastKnownFileType = sourcecode.swift; path = RegViewController.swift; sourceTree = "<group>"; };
		1BCEC0B225F6AF2000868498 /* RegAssembly.swift */ = {isa = PBXFileReference; lastKnownFileType = sourcecode.swift; path = RegAssembly.swift; sourceTree = "<group>"; };
		1BCEC0B325F6AF2000868498 /* RegInteractor.swift */ = {isa = PBXFileReference; lastKnownFileType = sourcecode.swift; path = RegInteractor.swift; sourceTree = "<group>"; };
		1BCEC0BE25F6B09A00868498 /* UserInfoPresenter.swift */ = {isa = PBXFileReference; lastKnownFileType = sourcecode.swift; path = UserInfoPresenter.swift; sourceTree = "<group>"; };
		1BCEC0BF25F6B09A00868498 /* UserInfoWorker.swift */ = {isa = PBXFileReference; lastKnownFileType = sourcecode.swift; path = UserInfoWorker.swift; sourceTree = "<group>"; };
		1BCEC0C025F6B09A00868498 /* UserInfoRouter.swift */ = {isa = PBXFileReference; lastKnownFileType = sourcecode.swift; path = UserInfoRouter.swift; sourceTree = "<group>"; };
		1BCEC0C125F6B09A00868498 /* UserInfoModels.swift */ = {isa = PBXFileReference; lastKnownFileType = sourcecode.swift; path = UserInfoModels.swift; sourceTree = "<group>"; };
		1BCEC0C225F6B09A00868498 /* UserInfoViewController.swift */ = {isa = PBXFileReference; lastKnownFileType = sourcecode.swift; path = UserInfoViewController.swift; sourceTree = "<group>"; };
		1BCEC0C325F6B09A00868498 /* UserInfoAssembly.swift */ = {isa = PBXFileReference; lastKnownFileType = sourcecode.swift; path = UserInfoAssembly.swift; sourceTree = "<group>"; };
		1BCEC0C425F6B09A00868498 /* UserInfoInteractor.swift */ = {isa = PBXFileReference; lastKnownFileType = sourcecode.swift; path = UserInfoInteractor.swift; sourceTree = "<group>"; };
		1BCEC0E325F6B20D00868498 /* LoginRouter.swift */ = {isa = PBXFileReference; lastKnownFileType = sourcecode.swift; path = LoginRouter.swift; sourceTree = "<group>"; };
		1BCEC0E825F6B43A00868498 /* LoginWorker.swift */ = {isa = PBXFileReference; lastKnownFileType = sourcecode.swift; path = LoginWorker.swift; sourceTree = "<group>"; };
		1BEEBA2625DC4BD400268F0A /* BaseURL.swift */ = {isa = PBXFileReference; lastKnownFileType = sourcecode.swift; path = BaseURL.swift; sourceTree = "<group>"; };
		1BEEBA3025DC52C700268F0A /* Registration.swift */ = {isa = PBXFileReference; lastKnownFileType = sourcecode.swift; path = Registration.swift; sourceTree = "<group>"; };
		1BEEBA3825DC52E100268F0A /* RegistrationRequestFactory.swift */ = {isa = PBXFileReference; lastKnownFileType = sourcecode.swift; path = RegistrationRequestFactory.swift; sourceTree = "<group>"; };
		1BEEBA3E25DC54CC00268F0A /* ChangeUser.swift */ = {isa = PBXFileReference; lastKnownFileType = sourcecode.swift; path = ChangeUser.swift; sourceTree = "<group>"; };
		1BEEBA4325DC54DD00268F0A /* ChangeUserRequestFactory.swift */ = {isa = PBXFileReference; lastKnownFileType = sourcecode.swift; path = ChangeUserRequestFactory.swift; sourceTree = "<group>"; };
		1BEEBA4925DC55C600268F0A /* Logout.swift */ = {isa = PBXFileReference; lastKnownFileType = sourcecode.swift; path = Logout.swift; sourceTree = "<group>"; };
		1BEEBA4E25DC55D700268F0A /* LogoutRequestFactory.swift */ = {isa = PBXFileReference; lastKnownFileType = sourcecode.swift; path = LogoutRequestFactory.swift; sourceTree = "<group>"; };
		1BEEBA5825DC5C4200268F0A /* RequestFactoryTests.swift */ = {isa = PBXFileReference; lastKnownFileType = sourcecode.swift; path = RequestFactoryTests.swift; sourceTree = "<group>"; };
/* End PBXFileReference section */

/* Begin PBXFrameworksBuildPhase section */
		1B9146C625D5968A00A1D1D2 /* Frameworks */ = {
			isa = PBXFrameworksBuildPhase;
			buildActionMask = 2147483647;
			files = (
				1BC7D18225D7B75F00AF0BA2 /* Alamofire in Frameworks */,
			);
			runOnlyForDeploymentPostprocessing = 0;
		};
		1B9146DC25D5968B00A1D1D2 /* Frameworks */ = {
			isa = PBXFrameworksBuildPhase;
			buildActionMask = 2147483647;
			files = (
			);
			runOnlyForDeploymentPostprocessing = 0;
		};
		1B9146E725D5968B00A1D1D2 /* Frameworks */ = {
			isa = PBXFrameworksBuildPhase;
			buildActionMask = 2147483647;
			files = (
			);
			runOnlyForDeploymentPostprocessing = 0;
		};
/* End PBXFrameworksBuildPhase section */

/* Begin PBXGroup section */
		0A779D1025E04B4F00F19D0D /* GetCatalog */ = {
			isa = PBXGroup;
			children = (
				0A779D1125E04B9000F19D0D /* GetCatalog.swift */,
				0A779D1925E04BA900F19D0D /* GetCatalogRequestFactory.swift */,
			);
			path = GetCatalog;
			sourceTree = "<group>";
		};
		0A779D2325E04F8600F19D0D /* GetGood */ = {
			isa = PBXGroup;
			children = (
				0A779D2F25E04FCA00F19D0D /* FetchGoodByIdRequestFactory.swift */,
				0A779D3425E04FE400F19D0D /* FetchGoodById.swift */,
			);
			path = GetGood;
			sourceTree = "<group>";
		};
		1B9146C025D5968A00A1D1D2 = {
			isa = PBXGroup;
			children = (
				1B9146CB25D5968A00A1D1D2 /* GBShop */,
				1B9146E225D5968B00A1D1D2 /* GBShopTests */,
				1B9146ED25D5968B00A1D1D2 /* GBShopUITests */,
				1B9146CA25D5968A00A1D1D2 /* Products */,
			);
			sourceTree = "<group>";
		};
		1B9146CA25D5968A00A1D1D2 /* Products */ = {
			isa = PBXGroup;
			children = (
				1B9146C925D5968A00A1D1D2 /* GBShop.app */,
				1B9146DF25D5968B00A1D1D2 /* GBShopTests.xctest */,
				1B9146EA25D5968B00A1D1D2 /* GBShopUITests.xctest */,
			);
			name = Products;
			sourceTree = "<group>";
		};
		1B9146CB25D5968A00A1D1D2 /* GBShop */ = {
			isa = PBXGroup;
			children = (
				1B91470225D597DA00A1D1D2 /* App */,
				1B91470125D597D400A1D1D2 /* Core */,
				1B91470025D597C700A1D1D2 /* Resources */,
				1B9146FF25D597BD00A1D1D2 /* Environments */,
			);
			path = GBShop;
			sourceTree = "<group>";
		};
		1B9146E225D5968B00A1D1D2 /* GBShopTests */ = {
			isa = PBXGroup;
			children = (
				1B9146E325D5968B00A1D1D2 /* GBShopTests.swift */,
				1B9146E525D5968B00A1D1D2 /* Info.plist */,
				1BEEBA5825DC5C4200268F0A /* RequestFactoryTests.swift */,
			);
			path = GBShopTests;
			sourceTree = "<group>";
		};
		1B9146ED25D5968B00A1D1D2 /* GBShopUITests */ = {
			isa = PBXGroup;
			children = (
				1B9146EE25D5968B00A1D1D2 /* GBShopUITests.swift */,
				1B9146F025D5968B00A1D1D2 /* Info.plist */,
			);
			path = GBShopUITests;
			sourceTree = "<group>";
		};
		1B9146FF25D597BD00A1D1D2 /* Environments */ = {
			isa = PBXGroup;
			children = (
				1B9146DA25D5968B00A1D1D2 /* Info.plist */,
			);
			path = Environments;
			sourceTree = "<group>";
		};
		1B91470025D597C700A1D1D2 /* Resources */ = {
			isa = PBXGroup;
			children = (
				1B9146D525D5968B00A1D1D2 /* Assets.xcassets */,
				1B9146D725D5968B00A1D1D2 /* LaunchScreen.storyboard */,
				1BCEC04A25F6656600868498 /* UIColor.swift */,
				1BCEC05A25F6675100868498 /* UIView.swift */,
			);
			path = Resources;
			sourceTree = "<group>";
		};
		1B91470125D597D400A1D1D2 /* Core */ = {
			isa = PBXGroup;
			children = (
				1BC7D16D25D7B56E00AF0BA2 /* Network */,
			);
			path = Core;
			sourceTree = "<group>";
		};
		1B91470225D597DA00A1D1D2 /* App */ = {
			isa = PBXGroup;
			children = (
				1B9146CC25D5968A00A1D1D2 /* AppDelegate.swift */,
				1B9146CE25D5968A00A1D1D2 /* SceneDelegate.swift */,
				1B91470625D5980700A1D1D2 /* BusinessLogic */,
				1B91470525D597FC00A1D1D2 /* Entity */,
				1B91470425D597F300A1D1D2 /* Assembly */,
				1B91470325D597E100A1D1D2 /* Flows */,
			);
			path = App;
			sourceTree = "<group>";
		};
		1B91470325D597E100A1D1D2 /* Flows */ = {
			isa = PBXGroup;
			children = (
				1BCEC06525F67F0100868498 /* UpdateUser */,
				1BCEC06425F67EF200868498 /* Registration */,
				1BCEC06325F67ECE00868498 /* LogOut */,
				1BCEC04F25F665DA00868498 /* Common */,
				1BCEC03B25F6644400868498 /* Login */,
			);
			path = Flows;
			sourceTree = "<group>";
		};
		1B91470425D597F300A1D1D2 /* Assembly */ = {
			isa = PBXGroup;
			children = (
			);
			path = Assembly;
			sourceTree = "<group>";
		};
		1B91470525D597FC00A1D1D2 /* Entity */ = {
			isa = PBXGroup;
			children = (
				1BC7D19025D7B9DF00AF0BA2 /* LoginResult.swift */,
				1BC7D1B825D8687400AF0BA2 /* LogoutResult.swift */,
				1BC7D1BD25D868DE00AF0BA2 /* RegistrationResult.swift */,
				1BC7D1D025D86EB400AF0BA2 /* ChangeUserResult.swift */,
				1BC7D19525D7BA0F00AF0BA2 /* User.swift */,
				0A779D1E25E04C1B00F19D0D /* CatalogResult.swift */,
				0A779D3925E0508300F19D0D /* GoodResult.swift */,
			);
			path = Entity;
			sourceTree = "<group>";
		};
		1B91470625D5980700A1D1D2 /* BusinessLogic */ = {
			isa = PBXGroup;
			children = (
				1BC7D1A225D7BA4D00AF0BA2 /* Network */,
			);
			path = BusinessLogic;
			sourceTree = "<group>";
		};
		1BC7D16D25D7B56E00AF0BA2 /* Network */ = {
			isa = PBXGroup;
			children = (
				1BC7D16E25D7B66700AF0BA2 /* AbstractErrorParser.swift */,
				1BC7D17325D7B69E00AF0BA2 /* ErrorParser.swift */,
				1BC7D17825D7B6C000AF0BA2 /* DataRequest.swift */,
				1BC7D18B25D7B95B00AF0BA2 /* CustomDecodableSerializer.swift */,
				1BC7D18625D7B7B100AF0BA2 /* RequestRouter.swift */,
			);
			path = Network;
			sourceTree = "<group>";
		};
		1BC7D1A225D7BA4D00AF0BA2 /* Network */ = {
			isa = PBXGroup;
			children = (
				0A779D2325E04F8600F19D0D /* GetGood */,
				0A779D1025E04B4F00F19D0D /* GetCatalog */,
				1BEEBA4825DC55B200268F0A /* Logout */,
				1BEEBA3D25DC54A000268F0A /* ChageUserData */,
				1BEEBA2F25DC529900268F0A /* Registration */,
				1BEEBA2E25DC525100268F0A /* Auth */,
				1BEEBA2525DC4BAF00268F0A /* BaseURL */,
				1BC7D1B025D7BAC200AF0BA2 /* RequestFactory.swift */,
			);
			path = Network;
			sourceTree = "<group>";
		};
		1BCEC03B25F6644400868498 /* Login */ = {
			isa = PBXGroup;
			children = (
				1BCEC03D25F6649200868498 /* LoginViewController.swift */,
				1BCEC04525F6649D00868498 /* LoginView.swift */,
				1BCEC0E825F6B43A00868498 /* LoginWorker.swift */,
				1BCEC0E325F6B20D00868498 /* LoginRouter.swift */,
			);
			path = Login;
			sourceTree = "<group>";
		};
		1BCEC04F25F665DA00868498 /* Common */ = {
			isa = PBXGroup;
			children = (
				1BCEC05025F665EC00868498 /* AppButton.swift */,
				1BCEC05525F6660800868498 /* AppTextField.swift */,
			);
			path = Common;
			sourceTree = "<group>";
		};
		1BCEC06325F67ECE00868498 /* LogOut */ = {
			isa = PBXGroup;
			children = (
				1BCEC06925F6A48000868498 /* LogOutPresenter.swift */,
				1BCEC06A25F6A48000868498 /* LogOutWorker.swift */,
				1BCEC06B25F6A48000868498 /* LogOutRouter.swift */,
				1BCEC06C25F6A48000868498 /* LogOutModels.swift */,
				1BCEC06D25F6A48000868498 /* LogOutViewController.swift */,
				1BCEC06E25F6A48000868498 /* LogOutAssembly.swift */,
				1BCEC06F25F6A48000868498 /* LogOutInteractor.swift */,
			);
			path = LogOut;
			sourceTree = "<group>";
		};
		1BCEC06425F67EF200868498 /* Registration */ = {
			isa = PBXGroup;
			children = (
				1BCEC0AD25F6AF2000868498 /* RegPresenter.swift */,
				1BCEC0AE25F6AF2000868498 /* RegWorker.swift */,
				1BCEC0AF25F6AF2000868498 /* RegRouter.swift */,
				1BCEC0B025F6AF2000868498 /* RegModels.swift */,
				1BCEC0B125F6AF2000868498 /* RegViewController.swift */,
				1BCEC0B225F6AF2000868498 /* RegAssembly.swift */,
				1BCEC0B325F6AF2000868498 /* RegInteractor.swift */,
			);
			path = Registration;
			sourceTree = "<group>";
		};
		1BCEC06525F67F0100868498 /* UpdateUser */ = {
			isa = PBXGroup;
			children = (
				1BCEC0BE25F6B09A00868498 /* UserInfoPresenter.swift */,
				1BCEC0BF25F6B09A00868498 /* UserInfoWorker.swift */,
				1BCEC0C025F6B09A00868498 /* UserInfoRouter.swift */,
				1BCEC0C125F6B09A00868498 /* UserInfoModels.swift */,
				1BCEC0C225F6B09A00868498 /* UserInfoViewController.swift */,
				1BCEC0C325F6B09A00868498 /* UserInfoAssembly.swift */,
				1BCEC0C425F6B09A00868498 /* UserInfoInteractor.swift */,
			);
			path = UpdateUser;
			sourceTree = "<group>";
		};
		1BEEBA2525DC4BAF00268F0A /* BaseURL */ = {
			isa = PBXGroup;
			children = (
				1BEEBA2625DC4BD400268F0A /* BaseURL.swift */,
			);
			path = BaseURL;
			sourceTree = "<group>";
		};
		1BEEBA2E25DC525100268F0A /* Auth */ = {
			isa = PBXGroup;
			children = (
				1BC7D1A325D7BA6300AF0BA2 /* AuthRequestFactory.swift */,
				1BC7D1AB25D7BA8300AF0BA2 /* Auth.swift */,
			);
			path = Auth;
			sourceTree = "<group>";
		};
		1BEEBA2F25DC529900268F0A /* Registration */ = {
			isa = PBXGroup;
			children = (
				1BEEBA3025DC52C700268F0A /* Registration.swift */,
				1BEEBA3825DC52E100268F0A /* RegistrationRequestFactory.swift */,
			);
			path = Registration;
			sourceTree = "<group>";
		};
		1BEEBA3D25DC54A000268F0A /* ChageUserData */ = {
			isa = PBXGroup;
			children = (
				1BEEBA3E25DC54CC00268F0A /* ChangeUser.swift */,
				1BEEBA4325DC54DD00268F0A /* ChangeUserRequestFactory.swift */,
			);
			path = ChageUserData;
			sourceTree = "<group>";
		};
		1BEEBA4825DC55B200268F0A /* Logout */ = {
			isa = PBXGroup;
			children = (
				1BEEBA4925DC55C600268F0A /* Logout.swift */,
				1BEEBA4E25DC55D700268F0A /* LogoutRequestFactory.swift */,
			);
			path = Logout;
			sourceTree = "<group>";
		};
/* End PBXGroup section */

/* Begin PBXNativeTarget section */
		1B9146C825D5968A00A1D1D2 /* GBShop */ = {
			isa = PBXNativeTarget;
			buildConfigurationList = 1B9146F325D5968B00A1D1D2 /* Build configuration list for PBXNativeTarget "GBShop" */;
			buildPhases = (
				1B9146C525D5968A00A1D1D2 /* Sources */,
				1B9146C625D5968A00A1D1D2 /* Frameworks */,
				1B9146C725D5968A00A1D1D2 /* Resources */,
			);
			buildRules = (
			);
			dependencies = (
			);
			name = GBShop;
			packageProductDependencies = (
				1BC7D18125D7B75F00AF0BA2 /* Alamofire */,
			);
			productName = GBShop;
			productReference = 1B9146C925D5968A00A1D1D2 /* GBShop.app */;
			productType = "com.apple.product-type.application";
		};
		1B9146DE25D5968B00A1D1D2 /* GBShopTests */ = {
			isa = PBXNativeTarget;
			buildConfigurationList = 1B9146F625D5968B00A1D1D2 /* Build configuration list for PBXNativeTarget "GBShopTests" */;
			buildPhases = (
				1B9146DB25D5968B00A1D1D2 /* Sources */,
				1B9146DC25D5968B00A1D1D2 /* Frameworks */,
				1B9146DD25D5968B00A1D1D2 /* Resources */,
			);
			buildRules = (
			);
			dependencies = (
				1B9146E125D5968B00A1D1D2 /* PBXTargetDependency */,
			);
			name = GBShopTests;
			productName = GBShopTests;
			productReference = 1B9146DF25D5968B00A1D1D2 /* GBShopTests.xctest */;
			productType = "com.apple.product-type.bundle.unit-test";
		};
		1B9146E925D5968B00A1D1D2 /* GBShopUITests */ = {
			isa = PBXNativeTarget;
			buildConfigurationList = 1B9146F925D5968B00A1D1D2 /* Build configuration list for PBXNativeTarget "GBShopUITests" */;
			buildPhases = (
				1B9146E625D5968B00A1D1D2 /* Sources */,
				1B9146E725D5968B00A1D1D2 /* Frameworks */,
				1B9146E825D5968B00A1D1D2 /* Resources */,
			);
			buildRules = (
			);
			dependencies = (
				1B9146EC25D5968B00A1D1D2 /* PBXTargetDependency */,
			);
			name = GBShopUITests;
			productName = GBShopUITests;
			productReference = 1B9146EA25D5968B00A1D1D2 /* GBShopUITests.xctest */;
			productType = "com.apple.product-type.bundle.ui-testing";
		};
/* End PBXNativeTarget section */

/* Begin PBXProject section */
		1B9146C125D5968A00A1D1D2 /* Project object */ = {
			isa = PBXProject;
			attributes = {
				LastSwiftUpdateCheck = 1220;
				LastUpgradeCheck = 1220;
				TargetAttributes = {
					1B9146C825D5968A00A1D1D2 = {
						CreatedOnToolsVersion = 12.2;
					};
					1B9146DE25D5968B00A1D1D2 = {
						CreatedOnToolsVersion = 12.2;
						TestTargetID = 1B9146C825D5968A00A1D1D2;
					};
					1B9146E925D5968B00A1D1D2 = {
						CreatedOnToolsVersion = 12.2;
						TestTargetID = 1B9146C825D5968A00A1D1D2;
					};
				};
			};
			buildConfigurationList = 1B9146C425D5968A00A1D1D2 /* Build configuration list for PBXProject "GBShop" */;
			compatibilityVersion = "Xcode 9.3";
			developmentRegion = en;
			hasScannedForEncodings = 0;
			knownRegions = (
				en,
				Base,
			);
			mainGroup = 1B9146C025D5968A00A1D1D2;
			packageReferences = (
				1BC7D18025D7B75F00AF0BA2 /* XCRemoteSwiftPackageReference "Alamofire" */,
			);
			productRefGroup = 1B9146CA25D5968A00A1D1D2 /* Products */;
			projectDirPath = "";
			projectRoot = "";
			targets = (
				1B9146C825D5968A00A1D1D2 /* GBShop */,
				1B9146DE25D5968B00A1D1D2 /* GBShopTests */,
				1B9146E925D5968B00A1D1D2 /* GBShopUITests */,
			);
		};
/* End PBXProject section */

/* Begin PBXResourcesBuildPhase section */
		1B9146C725D5968A00A1D1D2 /* Resources */ = {
			isa = PBXResourcesBuildPhase;
			buildActionMask = 2147483647;
			files = (
				1B9146D925D5968B00A1D1D2 /* LaunchScreen.storyboard in Resources */,
				1B9146D625D5968B00A1D1D2 /* Assets.xcassets in Resources */,
			);
			runOnlyForDeploymentPostprocessing = 0;
		};
		1B9146DD25D5968B00A1D1D2 /* Resources */ = {
			isa = PBXResourcesBuildPhase;
			buildActionMask = 2147483647;
			files = (
			);
			runOnlyForDeploymentPostprocessing = 0;
		};
		1B9146E825D5968B00A1D1D2 /* Resources */ = {
			isa = PBXResourcesBuildPhase;
			buildActionMask = 2147483647;
			files = (
			);
			runOnlyForDeploymentPostprocessing = 0;
		};
/* End PBXResourcesBuildPhase section */

/* Begin PBXSourcesBuildPhase section */
		1B9146C525D5968A00A1D1D2 /* Sources */ = {
			isa = PBXSourcesBuildPhase;
			buildActionMask = 2147483647;
			files = (
				1BC7D1B125D7BAC200AF0BA2 /* RequestFactory.swift in Sources */,
				1BC7D16F25D7B66700AF0BA2 /* AbstractErrorParser.swift in Sources */,
				1BC7D1B925D8687400AF0BA2 /* LogoutResult.swift in Sources */,
				1BCEC07425F6A48000868498 /* LogOutViewController.swift in Sources */,
				1BC7D17925D7B6C000AF0BA2 /* DataRequest.swift in Sources */,
				1BEEBA3F25DC54CC00268F0A /* ChangeUser.swift in Sources */,
				1BCEC03E25F6649200868498 /* LoginViewController.swift in Sources */,
				0A779D1A25E04BA900F19D0D /* GetCatalogRequestFactory.swift in Sources */,
				1BCEC05125F665EC00868498 /* AppButton.swift in Sources */,
				1BCEC0B625F6AF2000868498 /* RegRouter.swift in Sources */,
				1BCEC0C925F6B09A00868498 /* UserInfoViewController.swift in Sources */,
				1BC7D1A425D7BA6300AF0BA2 /* AuthRequestFactory.swift in Sources */,
				1BC7D18725D7B7B100AF0BA2 /* RequestRouter.swift in Sources */,
				1B9146CD25D5968A00A1D1D2 /* AppDelegate.swift in Sources */,
				1BCEC05B25F6675100868498 /* UIView.swift in Sources */,
				1BCEC05625F6660800868498 /* AppTextField.swift in Sources */,
				1BCEC07125F6A48000868498 /* LogOutWorker.swift in Sources */,
				1BCEC0E925F6B43A00868498 /* LoginWorker.swift in Sources */,
				1BC7D19125D7B9DF00AF0BA2 /* LoginResult.swift in Sources */,
				0A779D1F25E04C1B00F19D0D /* CatalogResult.swift in Sources */,
				1BCEC07525F6A48000868498 /* LogOutAssembly.swift in Sources */,
				1BCEC0B925F6AF2000868498 /* RegAssembly.swift in Sources */,
				1BC7D1AC25D7BA8300AF0BA2 /* Auth.swift in Sources */,
				1BC7D1BE25D868DE00AF0BA2 /* RegistrationResult.swift in Sources */,
				1BCEC0C825F6B09A00868498 /* UserInfoModels.swift in Sources */,
				1BC7D19625D7BA0F00AF0BA2 /* User.swift in Sources */,
				1BCEC0C525F6B09A00868498 /* UserInfoPresenter.swift in Sources */,
				1BCEC0BA25F6AF2000868498 /* RegInteractor.swift in Sources */,
				1BEEBA3125DC52C700268F0A /* Registration.swift in Sources */,
				1BEEBA4A25DC55C600268F0A /* Logout.swift in Sources */,
				0A779D3025E04FCA00F19D0D /* FetchGoodByIdRequestFactory.swift in Sources */,
				1BCEC0B825F6AF2000868498 /* RegViewController.swift in Sources */,
				1BCEC0B525F6AF2000868498 /* RegWorker.swift in Sources */,
				1BCEC04625F6649D00868498 /* LoginView.swift in Sources */,
				1BC7D18C25D7B95B00AF0BA2 /* CustomDecodableSerializer.swift in Sources */,
				1BCEC07625F6A48000868498 /* LogOutInteractor.swift in Sources */,
				0A779D3525E04FE400F19D0D /* FetchGoodById.swift in Sources */,
				1BCEC0CB25F6B09A00868498 /* UserInfoInteractor.swift in Sources */,
				1BCEC0B725F6AF2000868498 /* RegModels.swift in Sources */,
				1BCEC04B25F6656600868498 /* UIColor.swift in Sources */,
				1BC7D1D125D86EB400AF0BA2 /* ChangeUserResult.swift in Sources */,
				1BCEC07225F6A48000868498 /* LogOutRouter.swift in Sources */,
				1BEEBA4425DC54DD00268F0A /* ChangeUserRequestFactory.swift in Sources */,
				1B9146CF25D5968A00A1D1D2 /* SceneDelegate.swift in Sources */,
				1BEEBA4F25DC55D700268F0A /* LogoutRequestFactory.swift in Sources */,
				1BCEC07025F6A48000868498 /* LogOutPresenter.swift in Sources */,
				0A779D3A25E0508300F19D0D /* GoodResult.swift in Sources */,
				1BEEBA2725DC4BD400268F0A /* BaseURL.swift in Sources */,
				1BCEC0C725F6B09A00868498 /* UserInfoRouter.swift in Sources */,
				1BCEC0B425F6AF2000868498 /* RegPresenter.swift in Sources */,
				1BEEBA3925DC52E100268F0A /* RegistrationRequestFactory.swift in Sources */,
				1BCEC0C625F6B09A00868498 /* UserInfoWorker.swift in Sources */,
				1BCEC07325F6A48000868498 /* LogOutModels.swift in Sources */,
				1BC7D17425D7B69E00AF0BA2 /* ErrorParser.swift in Sources */,
				1BCEC0CA25F6B09A00868498 /* UserInfoAssembly.swift in Sources */,
				1BCEC0E425F6B20D00868498 /* LoginRouter.swift in Sources */,
				0A779D1225E04B9000F19D0D /* GetCatalog.swift in Sources */,
			);
			runOnlyForDeploymentPostprocessing = 0;
		};
		1B9146DB25D5968B00A1D1D2 /* Sources */ = {
			isa = PBXSourcesBuildPhase;
			buildActionMask = 2147483647;
			files = (
				1B9146E425D5968B00A1D1D2 /* GBShopTests.swift in Sources */,
				1BEEBA5925DC5C4200268F0A /* RequestFactoryTests.swift in Sources */,
			);
			runOnlyForDeploymentPostprocessing = 0;
		};
		1B9146E625D5968B00A1D1D2 /* Sources */ = {
			isa = PBXSourcesBuildPhase;
			buildActionMask = 2147483647;
			files = (
				1B9146EF25D5968B00A1D1D2 /* GBShopUITests.swift in Sources */,
			);
			runOnlyForDeploymentPostprocessing = 0;
		};
/* End PBXSourcesBuildPhase section */

/* Begin PBXTargetDependency section */
		1B9146E125D5968B00A1D1D2 /* PBXTargetDependency */ = {
			isa = PBXTargetDependency;
			target = 1B9146C825D5968A00A1D1D2 /* GBShop */;
			targetProxy = 1B9146E025D5968B00A1D1D2 /* PBXContainerItemProxy */;
		};
		1B9146EC25D5968B00A1D1D2 /* PBXTargetDependency */ = {
			isa = PBXTargetDependency;
			target = 1B9146C825D5968A00A1D1D2 /* GBShop */;
			targetProxy = 1B9146EB25D5968B00A1D1D2 /* PBXContainerItemProxy */;
		};
/* End PBXTargetDependency section */

/* Begin PBXVariantGroup section */
		1B9146D725D5968B00A1D1D2 /* LaunchScreen.storyboard */ = {
			isa = PBXVariantGroup;
			children = (
				1B9146D825D5968B00A1D1D2 /* Base */,
			);
			name = LaunchScreen.storyboard;
			sourceTree = "<group>";
		};
/* End PBXVariantGroup section */

/* Begin XCBuildConfiguration section */
		1B9146F125D5968B00A1D1D2 /* Debug */ = {
			isa = XCBuildConfiguration;
			buildSettings = {
				ALWAYS_SEARCH_USER_PATHS = NO;
				CLANG_ANALYZER_NONNULL = YES;
				CLANG_ANALYZER_NUMBER_OBJECT_CONVERSION = YES_AGGRESSIVE;
				CLANG_CXX_LANGUAGE_STANDARD = "gnu++14";
				CLANG_CXX_LIBRARY = "libc++";
				CLANG_ENABLE_MODULES = YES;
				CLANG_ENABLE_OBJC_ARC = YES;
				CLANG_ENABLE_OBJC_WEAK = YES;
				CLANG_WARN_BLOCK_CAPTURE_AUTORELEASING = YES;
				CLANG_WARN_BOOL_CONVERSION = YES;
				CLANG_WARN_COMMA = YES;
				CLANG_WARN_CONSTANT_CONVERSION = YES;
				CLANG_WARN_DEPRECATED_OBJC_IMPLEMENTATIONS = YES;
				CLANG_WARN_DIRECT_OBJC_ISA_USAGE = YES_ERROR;
				CLANG_WARN_DOCUMENTATION_COMMENTS = YES;
				CLANG_WARN_EMPTY_BODY = YES;
				CLANG_WARN_ENUM_CONVERSION = YES;
				CLANG_WARN_INFINITE_RECURSION = YES;
				CLANG_WARN_INT_CONVERSION = YES;
				CLANG_WARN_NON_LITERAL_NULL_CONVERSION = YES;
				CLANG_WARN_OBJC_IMPLICIT_RETAIN_SELF = YES;
				CLANG_WARN_OBJC_LITERAL_CONVERSION = YES;
				CLANG_WARN_OBJC_ROOT_CLASS = YES_ERROR;
				CLANG_WARN_QUOTED_INCLUDE_IN_FRAMEWORK_HEADER = YES;
				CLANG_WARN_RANGE_LOOP_ANALYSIS = YES;
				CLANG_WARN_STRICT_PROTOTYPES = YES;
				CLANG_WARN_SUSPICIOUS_MOVE = YES;
				CLANG_WARN_UNGUARDED_AVAILABILITY = YES_AGGRESSIVE;
				CLANG_WARN_UNREACHABLE_CODE = YES;
				CLANG_WARN__DUPLICATE_METHOD_MATCH = YES;
				COPY_PHASE_STRIP = NO;
				DEBUG_INFORMATION_FORMAT = dwarf;
				ENABLE_STRICT_OBJC_MSGSEND = YES;
				ENABLE_TESTABILITY = YES;
				GCC_C_LANGUAGE_STANDARD = gnu11;
				GCC_DYNAMIC_NO_PIC = NO;
				GCC_NO_COMMON_BLOCKS = YES;
				GCC_OPTIMIZATION_LEVEL = 0;
				GCC_PREPROCESSOR_DEFINITIONS = (
					"DEBUG=1",
					"$(inherited)",
				);
				GCC_WARN_64_TO_32_BIT_CONVERSION = YES;
				GCC_WARN_ABOUT_RETURN_TYPE = YES_ERROR;
				GCC_WARN_UNDECLARED_SELECTOR = YES;
				GCC_WARN_UNINITIALIZED_AUTOS = YES_AGGRESSIVE;
				GCC_WARN_UNUSED_FUNCTION = YES;
				GCC_WARN_UNUSED_VARIABLE = YES;
				IPHONEOS_DEPLOYMENT_TARGET = 14.2;
				MTL_ENABLE_DEBUG_INFO = INCLUDE_SOURCE;
				MTL_FAST_MATH = YES;
				ONLY_ACTIVE_ARCH = YES;
				SDKROOT = iphoneos;
				SWIFT_ACTIVE_COMPILATION_CONDITIONS = DEBUG;
				SWIFT_OPTIMIZATION_LEVEL = "-Onone";
			};
			name = Debug;
		};
		1B9146F225D5968B00A1D1D2 /* Release */ = {
			isa = XCBuildConfiguration;
			buildSettings = {
				ALWAYS_SEARCH_USER_PATHS = NO;
				CLANG_ANALYZER_NONNULL = YES;
				CLANG_ANALYZER_NUMBER_OBJECT_CONVERSION = YES_AGGRESSIVE;
				CLANG_CXX_LANGUAGE_STANDARD = "gnu++14";
				CLANG_CXX_LIBRARY = "libc++";
				CLANG_ENABLE_MODULES = YES;
				CLANG_ENABLE_OBJC_ARC = YES;
				CLANG_ENABLE_OBJC_WEAK = YES;
				CLANG_WARN_BLOCK_CAPTURE_AUTORELEASING = YES;
				CLANG_WARN_BOOL_CONVERSION = YES;
				CLANG_WARN_COMMA = YES;
				CLANG_WARN_CONSTANT_CONVERSION = YES;
				CLANG_WARN_DEPRECATED_OBJC_IMPLEMENTATIONS = YES;
				CLANG_WARN_DIRECT_OBJC_ISA_USAGE = YES_ERROR;
				CLANG_WARN_DOCUMENTATION_COMMENTS = YES;
				CLANG_WARN_EMPTY_BODY = YES;
				CLANG_WARN_ENUM_CONVERSION = YES;
				CLANG_WARN_INFINITE_RECURSION = YES;
				CLANG_WARN_INT_CONVERSION = YES;
				CLANG_WARN_NON_LITERAL_NULL_CONVERSION = YES;
				CLANG_WARN_OBJC_IMPLICIT_RETAIN_SELF = YES;
				CLANG_WARN_OBJC_LITERAL_CONVERSION = YES;
				CLANG_WARN_OBJC_ROOT_CLASS = YES_ERROR;
				CLANG_WARN_QUOTED_INCLUDE_IN_FRAMEWORK_HEADER = YES;
				CLANG_WARN_RANGE_LOOP_ANALYSIS = YES;
				CLANG_WARN_STRICT_PROTOTYPES = YES;
				CLANG_WARN_SUSPICIOUS_MOVE = YES;
				CLANG_WARN_UNGUARDED_AVAILABILITY = YES_AGGRESSIVE;
				CLANG_WARN_UNREACHABLE_CODE = YES;
				CLANG_WARN__DUPLICATE_METHOD_MATCH = YES;
				COPY_PHASE_STRIP = NO;
				DEBUG_INFORMATION_FORMAT = "dwarf-with-dsym";
				ENABLE_NS_ASSERTIONS = NO;
				ENABLE_STRICT_OBJC_MSGSEND = YES;
				GCC_C_LANGUAGE_STANDARD = gnu11;
				GCC_NO_COMMON_BLOCKS = YES;
				GCC_WARN_64_TO_32_BIT_CONVERSION = YES;
				GCC_WARN_ABOUT_RETURN_TYPE = YES_ERROR;
				GCC_WARN_UNDECLARED_SELECTOR = YES;
				GCC_WARN_UNINITIALIZED_AUTOS = YES_AGGRESSIVE;
				GCC_WARN_UNUSED_FUNCTION = YES;
				GCC_WARN_UNUSED_VARIABLE = YES;
				IPHONEOS_DEPLOYMENT_TARGET = 14.2;
				MTL_ENABLE_DEBUG_INFO = NO;
				MTL_FAST_MATH = YES;
				SDKROOT = iphoneos;
				SWIFT_COMPILATION_MODE = wholemodule;
				SWIFT_OPTIMIZATION_LEVEL = "-O";
				VALIDATE_PRODUCT = YES;
			};
			name = Release;
		};
		1B9146F425D5968B00A1D1D2 /* Debug */ = {
			isa = XCBuildConfiguration;
			buildSettings = {
				ASSETCATALOG_COMPILER_APPICON_NAME = AppIcon;
				ASSETCATALOG_COMPILER_GLOBAL_ACCENT_COLOR_NAME = AccentColor;
				CODE_SIGN_STYLE = Automatic;
				DEVELOPMENT_TEAM = X98JSWP28N;
				INFOPLIST_FILE = "$(SRCROOT)/GBShop/Environments/Info.plist";
				LD_RUNPATH_SEARCH_PATHS = (
					"$(inherited)",
					"@executable_path/Frameworks",
				);
				PRODUCT_BUNDLE_IDENTIFIER = home.amyskin.GBShop;
				PRODUCT_NAME = "$(TARGET_NAME)";
				SWIFT_VERSION = 5.0;
				TARGETED_DEVICE_FAMILY = "1,2";
			};
			name = Debug;
		};
		1B9146F525D5968B00A1D1D2 /* Release */ = {
			isa = XCBuildConfiguration;
			buildSettings = {
				ASSETCATALOG_COMPILER_APPICON_NAME = AppIcon;
				ASSETCATALOG_COMPILER_GLOBAL_ACCENT_COLOR_NAME = AccentColor;
				CODE_SIGN_STYLE = Automatic;
				DEVELOPMENT_TEAM = X98JSWP28N;
				INFOPLIST_FILE = "$(SRCROOT)/GBShop/Environments/Info.plist";
				LD_RUNPATH_SEARCH_PATHS = (
					"$(inherited)",
					"@executable_path/Frameworks",
				);
				PRODUCT_BUNDLE_IDENTIFIER = home.amyskin.GBShop;
				PRODUCT_NAME = "$(TARGET_NAME)";
				SWIFT_VERSION = 5.0;
				TARGETED_DEVICE_FAMILY = "1,2";
			};
			name = Release;
		};
		1B9146F725D5968B00A1D1D2 /* Debug */ = {
			isa = XCBuildConfiguration;
			buildSettings = {
				ALWAYS_EMBED_SWIFT_STANDARD_LIBRARIES = YES;
				BUNDLE_LOADER = "$(TEST_HOST)";
				CODE_SIGN_STYLE = Automatic;
				DEVELOPMENT_TEAM = X98JSWP28N;
				INFOPLIST_FILE = GBShopTests/Info.plist;
				IPHONEOS_DEPLOYMENT_TARGET = 14.2;
				LD_RUNPATH_SEARCH_PATHS = (
					"$(inherited)",
					"@executable_path/Frameworks",
					"@loader_path/Frameworks",
				);
				PRODUCT_BUNDLE_IDENTIFIER = home.amyskin.GBShopTests;
				PRODUCT_NAME = "$(TARGET_NAME)";
				SWIFT_VERSION = 5.0;
				TARGETED_DEVICE_FAMILY = "1,2";
				TEST_HOST = "$(BUILT_PRODUCTS_DIR)/GBShop.app/GBShop";
			};
			name = Debug;
		};
		1B9146F825D5968B00A1D1D2 /* Release */ = {
			isa = XCBuildConfiguration;
			buildSettings = {
				ALWAYS_EMBED_SWIFT_STANDARD_LIBRARIES = YES;
				BUNDLE_LOADER = "$(TEST_HOST)";
				CODE_SIGN_STYLE = Automatic;
				DEVELOPMENT_TEAM = X98JSWP28N;
				INFOPLIST_FILE = GBShopTests/Info.plist;
				IPHONEOS_DEPLOYMENT_TARGET = 14.2;
				LD_RUNPATH_SEARCH_PATHS = (
					"$(inherited)",
					"@executable_path/Frameworks",
					"@loader_path/Frameworks",
				);
				PRODUCT_BUNDLE_IDENTIFIER = home.amyskin.GBShopTests;
				PRODUCT_NAME = "$(TARGET_NAME)";
				SWIFT_VERSION = 5.0;
				TARGETED_DEVICE_FAMILY = "1,2";
				TEST_HOST = "$(BUILT_PRODUCTS_DIR)/GBShop.app/GBShop";
			};
			name = Release;
		};
		1B9146FA25D5968B00A1D1D2 /* Debug */ = {
			isa = XCBuildConfiguration;
			buildSettings = {
				ALWAYS_EMBED_SWIFT_STANDARD_LIBRARIES = YES;
				CODE_SIGN_STYLE = Automatic;
				DEVELOPMENT_TEAM = X98JSWP28N;
				INFOPLIST_FILE = GBShopUITests/Info.plist;
				LD_RUNPATH_SEARCH_PATHS = (
					"$(inherited)",
					"@executable_path/Frameworks",
					"@loader_path/Frameworks",
				);
				PRODUCT_BUNDLE_IDENTIFIER = home.amyskin.GBShopUITests;
				PRODUCT_NAME = "$(TARGET_NAME)";
				SWIFT_VERSION = 5.0;
				TARGETED_DEVICE_FAMILY = "1,2";
				TEST_TARGET_NAME = GBShop;
			};
			name = Debug;
		};
		1B9146FB25D5968B00A1D1D2 /* Release */ = {
			isa = XCBuildConfiguration;
			buildSettings = {
				ALWAYS_EMBED_SWIFT_STANDARD_LIBRARIES = YES;
				CODE_SIGN_STYLE = Automatic;
				DEVELOPMENT_TEAM = X98JSWP28N;
				INFOPLIST_FILE = GBShopUITests/Info.plist;
				LD_RUNPATH_SEARCH_PATHS = (
					"$(inherited)",
					"@executable_path/Frameworks",
					"@loader_path/Frameworks",
				);
				PRODUCT_BUNDLE_IDENTIFIER = home.amyskin.GBShopUITests;
				PRODUCT_NAME = "$(TARGET_NAME)";
				SWIFT_VERSION = 5.0;
				TARGETED_DEVICE_FAMILY = "1,2";
				TEST_TARGET_NAME = GBShop;
			};
			name = Release;
		};
/* End XCBuildConfiguration section */

/* Begin XCConfigurationList section */
		1B9146C425D5968A00A1D1D2 /* Build configuration list for PBXProject "GBShop" */ = {
			isa = XCConfigurationList;
			buildConfigurations = (
				1B9146F125D5968B00A1D1D2 /* Debug */,
				1B9146F225D5968B00A1D1D2 /* Release */,
			);
			defaultConfigurationIsVisible = 0;
			defaultConfigurationName = Release;
		};
		1B9146F325D5968B00A1D1D2 /* Build configuration list for PBXNativeTarget "GBShop" */ = {
			isa = XCConfigurationList;
			buildConfigurations = (
				1B9146F425D5968B00A1D1D2 /* Debug */,
				1B9146F525D5968B00A1D1D2 /* Release */,
			);
			defaultConfigurationIsVisible = 0;
			defaultConfigurationName = Release;
		};
		1B9146F625D5968B00A1D1D2 /* Build configuration list for PBXNativeTarget "GBShopTests" */ = {
			isa = XCConfigurationList;
			buildConfigurations = (
				1B9146F725D5968B00A1D1D2 /* Debug */,
				1B9146F825D5968B00A1D1D2 /* Release */,
			);
			defaultConfigurationIsVisible = 0;
			defaultConfigurationName = Release;
		};
		1B9146F925D5968B00A1D1D2 /* Build configuration list for PBXNativeTarget "GBShopUITests" */ = {
			isa = XCConfigurationList;
			buildConfigurations = (
				1B9146FA25D5968B00A1D1D2 /* Debug */,
				1B9146FB25D5968B00A1D1D2 /* Release */,
			);
			defaultConfigurationIsVisible = 0;
			defaultConfigurationName = Release;
		};
/* End XCConfigurationList section */

/* Begin XCRemoteSwiftPackageReference section */
		1BC7D18025D7B75F00AF0BA2 /* XCRemoteSwiftPackageReference "Alamofire" */ = {
			isa = XCRemoteSwiftPackageReference;
			repositoryURL = "https://github.com/Alamofire/Alamofire.git";
			requirement = {
				kind = upToNextMajorVersion;
				minimumVersion = 5.4.1;
			};
		};
/* End XCRemoteSwiftPackageReference section */

/* Begin XCSwiftPackageProductDependency section */
		1BC7D18125D7B75F00AF0BA2 /* Alamofire */ = {
			isa = XCSwiftPackageProductDependency;
			package = 1BC7D18025D7B75F00AF0BA2 /* XCRemoteSwiftPackageReference "Alamofire" */;
			productName = Alamofire;
		};
/* End XCSwiftPackageProductDependency section */
	};
	rootObject = 1B9146C125D5968A00A1D1D2 /* Project object */;
}
